PODS:
  - Flutter (1.0.0)
  - integration_test (0.0.1):
    - Flutter
  - wflutter_kit (0.0.1):
    - Flutter

DEPENDENCIES:
  - Flutter (from `Flutter`)
  - integration_test (from `.symlinks/plugins/integration_test/ios`)
  - wflutter_kit (from `.symlinks/plugins/wflutter_kit/ios`)

EXTERNAL SOURCES:
  Flutter:
    :path: Flutter
  integration_test:
    :path: ".symlinks/plugins/integration_test/ios"
  wflutter_kit:
    :path: ".symlinks/plugins/wflutter_kit/ios"

SPEC CHECKSUMS:
  Flutter: f04841e97a9d0b0a8025694d0796dd46242b2854
  integration_test: 13825b8a9334a850581300559b8839134b124670
  wflutter_kit: a6eca4496b1b17b2c37bba22b403015075bf2e4f

PODFILE CHECKSUM: 70d9d25280d0dd177a5f637cdb0f0b0b12c6a189

COCOAPODS: 1.11.3
